
Microsoft Visual Studio Solution File, Format Version 12.00
# Visual Studio Version 16
VisualStudioVersion = 16.0.29709.97
MinimumVisualStudioVersion = 10.0.40219.1
Project("{FAE04EC0-301F-11D3-BF4B-00C04F79EFBC}") = "Columns", "Columns\Columns.csproj", "{5B1BD795-11DA-4096-9CE1-B48AC4922065}"
EndProject
Global
	GlobalSection(SolutionConfigurationPlatforms) = preSolution
		Debug|Any CPU = Debug|Any CPU
		Release|Any CPU = Release|Any CPU
	EndGlobalSection
	GlobalSection(ProjectConfigurationPlatforms) = postSolution
		{5B1BD795-11DA-4096-9CE1-B48AC4922065}.Debug|Any CPU.ActiveCfg = Debug|Any CPU
		{5B1BD795-11DA-4096-9CE1-B48AC4922065}.Debug|Any CPU.Build.0 = Debug|Any CPU
		{5B1BD795-11DA-4096-9CE1-B48AC4922065}.Release|Any CPU.ActiveCfg = Release|Any CPU
		{5B1BD795-11DA-4096-9CE1-B48AC4922065}.Release|Any CPU.Build.0 = Release|Any CPU
	EndGlobalSection
	GlobalSection(SolutionProperties) = preSolution
		HideSolutionNode = FALSE
	EndGlobalSection
	GlobalSection(ExtensibilityGlobals) = postSolution
		SolutionGuid = {418AA231-D848-40B5-AD67-EDC3DB3D6B77}
	EndGlobalSection
EndGlobal
